
Microsoft Visual Studio Solution File, Format Version 12.00
# Visual Studio Express 14 for Windows Desktop
VisualStudioVersion = 14.0.25420.1
MinimumVisualStudioVersion = 10.0.40219.1
Project("{FAE04EC0-301F-11D3-BF4B-00C04F79EFBC}") = "ETABS_Adapter", "Etabs_Adapter\ETABS_Adapter.csproj", "{895E2AB0-E349-4C1A-9098-51A46CD3A955}"
EndProject
Project("{FAE04EC0-301F-11D3-BF4B-00C04F79EFBC}") = "ETABS_Engine", "ETABS_Engine\ETABS_Engine.csproj", "{9552D636-D903-4492-944E-0CD392D7BFE3}"
EndProject
Project("{FAE04EC0-301F-11D3-BF4B-00C04F79EFBC}") = "ETABS_oM", "ETABS_oM\ETABS_oM.csproj", "{0F1B6828-633E-420D-BB61-00C16056BA8D}"
EndProject
Global
	GlobalSection(SolutionConfigurationPlatforms) = preSolution
		Debug|Any CPU = Debug|Any CPU
		Debug|x64 = Debug|x64
		Debug16|Any CPU = Debug16|Any CPU
		Debug16|x64 = Debug16|x64
		Debug17|Any CPU = Debug17|Any CPU
		Debug17|x64 = Debug17|x64
		Debug18|Any CPU = Debug18|Any CPU
		Debug18|x64 = Debug18|x64
		Release|Any CPU = Release|Any CPU
		Release|x64 = Release|x64
		Release16|Any CPU = Release16|Any CPU
		Release16|x64 = Release16|x64
		Release17|Any CPU = Release17|Any CPU
		Release17|x64 = Release17|x64
		Release18|Any CPU = Release18|Any CPU
		Release18|x64 = Release18|x64
	EndGlobalSection
	GlobalSection(ProjectConfigurationPlatforms) = postSolution
		{895E2AB0-E349-4C1A-9098-51A46CD3A955}.Debug|Any CPU.ActiveCfg = Debug|Any CPU
		{895E2AB0-E349-4C1A-9098-51A46CD3A955}.Debug|Any CPU.Build.0 = Debug|Any CPU
		{895E2AB0-E349-4C1A-9098-51A46CD3A955}.Debug|x64.ActiveCfg = Debug|x64
		{895E2AB0-E349-4C1A-9098-51A46CD3A955}.Debug|x64.Build.0 = Debug|x64
		{895E2AB0-E349-4C1A-9098-51A46CD3A955}.Debug16|Any CPU.ActiveCfg = Debug16|Any CPU
		{895E2AB0-E349-4C1A-9098-51A46CD3A955}.Debug16|Any CPU.Build.0 = Debug16|Any CPU
		{895E2AB0-E349-4C1A-9098-51A46CD3A955}.Debug16|x64.ActiveCfg = Debug16|x64
		{895E2AB0-E349-4C1A-9098-51A46CD3A955}.Debug16|x64.Build.0 = Debug16|x64
		{895E2AB0-E349-4C1A-9098-51A46CD3A955}.Debug17|Any CPU.ActiveCfg = Debug17|Any CPU
		{895E2AB0-E349-4C1A-9098-51A46CD3A955}.Debug17|Any CPU.Build.0 = Debug17|Any CPU
		{895E2AB0-E349-4C1A-9098-51A46CD3A955}.Debug17|x64.ActiveCfg = Debug17|x64
		{895E2AB0-E349-4C1A-9098-51A46CD3A955}.Debug17|x64.Build.0 = Debug17|x64
		{895E2AB0-E349-4C1A-9098-51A46CD3A955}.Debug18|Any CPU.ActiveCfg = Debug18|Any CPU
		{895E2AB0-E349-4C1A-9098-51A46CD3A955}.Debug18|Any CPU.Build.0 = Debug18|Any CPU
		{895E2AB0-E349-4C1A-9098-51A46CD3A955}.Debug18|x64.ActiveCfg = Debug18|x64
		{895E2AB0-E349-4C1A-9098-51A46CD3A955}.Debug18|x64.Build.0 = Debug18|x64
		{895E2AB0-E349-4C1A-9098-51A46CD3A955}.Release|Any CPU.ActiveCfg = Release|Any CPU
		{895E2AB0-E349-4C1A-9098-51A46CD3A955}.Release|Any CPU.Build.0 = Release|Any CPU
		{895E2AB0-E349-4C1A-9098-51A46CD3A955}.Release|x64.ActiveCfg = Release|x64
		{895E2AB0-E349-4C1A-9098-51A46CD3A955}.Release|x64.Build.0 = Release|x64
		{895E2AB0-E349-4C1A-9098-51A46CD3A955}.Release16|Any CPU.ActiveCfg = Release16|Any CPU
		{895E2AB0-E349-4C1A-9098-51A46CD3A955}.Release16|Any CPU.Build.0 = Release16|Any CPU
		{895E2AB0-E349-4C1A-9098-51A46CD3A955}.Release16|x64.ActiveCfg = Release16|x64
		{895E2AB0-E349-4C1A-9098-51A46CD3A955}.Release16|x64.Build.0 = Release16|x64
		{895E2AB0-E349-4C1A-9098-51A46CD3A955}.Release17|Any CPU.ActiveCfg = Release17|Any CPU
		{895E2AB0-E349-4C1A-9098-51A46CD3A955}.Release17|Any CPU.Build.0 = Release17|Any CPU
		{895E2AB0-E349-4C1A-9098-51A46CD3A955}.Release17|x64.ActiveCfg = Release17|x64
		{895E2AB0-E349-4C1A-9098-51A46CD3A955}.Release17|x64.Build.0 = Release17|x64
		{895E2AB0-E349-4C1A-9098-51A46CD3A955}.Release18|Any CPU.ActiveCfg = Release18|Any CPU
		{895E2AB0-E349-4C1A-9098-51A46CD3A955}.Release18|Any CPU.Build.0 = Release18|Any CPU
		{895E2AB0-E349-4C1A-9098-51A46CD3A955}.Release18|x64.ActiveCfg = Release18|x64
		{895E2AB0-E349-4C1A-9098-51A46CD3A955}.Release18|x64.Build.0 = Release18|x64
		{9552D636-D903-4492-944E-0CD392D7BFE3}.Debug|Any CPU.ActiveCfg = Debug|Any CPU
		{9552D636-D903-4492-944E-0CD392D7BFE3}.Debug|Any CPU.Build.0 = Debug|Any CPU
		{9552D636-D903-4492-944E-0CD392D7BFE3}.Debug|x64.ActiveCfg = Debug|Any CPU
		{9552D636-D903-4492-944E-0CD392D7BFE3}.Debug|x64.Build.0 = Debug|Any CPU
		{9552D636-D903-4492-944E-0CD392D7BFE3}.Debug16|Any CPU.ActiveCfg = Debug|Any CPU
		{9552D636-D903-4492-944E-0CD392D7BFE3}.Debug16|Any CPU.Build.0 = Debug|Any CPU
		{9552D636-D903-4492-944E-0CD392D7BFE3}.Debug16|x64.ActiveCfg = Debug|Any CPU
		{9552D636-D903-4492-944E-0CD392D7BFE3}.Debug16|x64.Build.0 = Debug|Any CPU
		{9552D636-D903-4492-944E-0CD392D7BFE3}.Debug17|Any CPU.ActiveCfg = Debug|Any CPU
		{9552D636-D903-4492-944E-0CD392D7BFE3}.Debug17|Any CPU.Build.0 = Debug|Any CPU
		{9552D636-D903-4492-944E-0CD392D7BFE3}.Debug17|x64.ActiveCfg = Debug|Any CPU
		{9552D636-D903-4492-944E-0CD392D7BFE3}.Debug17|x64.Build.0 = Debug|Any CPU
		{9552D636-D903-4492-944E-0CD392D7BFE3}.Debug18|Any CPU.ActiveCfg = Debug|Any CPU
		{9552D636-D903-4492-944E-0CD392D7BFE3}.Debug18|Any CPU.Build.0 = Debug|Any CPU
		{9552D636-D903-4492-944E-0CD392D7BFE3}.Debug18|x64.ActiveCfg = Debug|Any CPU
		{9552D636-D903-4492-944E-0CD392D7BFE3}.Debug18|x64.Build.0 = Debug|Any CPU
		{9552D636-D903-4492-944E-0CD392D7BFE3}.Release|Any CPU.ActiveCfg = Release|Any CPU
		{9552D636-D903-4492-944E-0CD392D7BFE3}.Release|Any CPU.Build.0 = Release|Any CPU
		{9552D636-D903-4492-944E-0CD392D7BFE3}.Release|x64.ActiveCfg = Release|Any CPU
		{9552D636-D903-4492-944E-0CD392D7BFE3}.Release|x64.Build.0 = Release|Any CPU
		{9552D636-D903-4492-944E-0CD392D7BFE3}.Release16|Any CPU.ActiveCfg = Release|Any CPU
		{9552D636-D903-4492-944E-0CD392D7BFE3}.Release16|Any CPU.Build.0 = Release|Any CPU
		{9552D636-D903-4492-944E-0CD392D7BFE3}.Release16|x64.ActiveCfg = Release|Any CPU
		{9552D636-D903-4492-944E-0CD392D7BFE3}.Release16|x64.Build.0 = Release|Any CPU
		{9552D636-D903-4492-944E-0CD392D7BFE3}.Release17|Any CPU.ActiveCfg = Release|Any CPU
		{9552D636-D903-4492-944E-0CD392D7BFE3}.Release17|Any CPU.Build.0 = Release|Any CPU
		{9552D636-D903-4492-944E-0CD392D7BFE3}.Release17|x64.ActiveCfg = Release|Any CPU
		{9552D636-D903-4492-944E-0CD392D7BFE3}.Release17|x64.Build.0 = Release|Any CPU
		{9552D636-D903-4492-944E-0CD392D7BFE3}.Release18|Any CPU.ActiveCfg = Release|Any CPU
		{9552D636-D903-4492-944E-0CD392D7BFE3}.Release18|Any CPU.Build.0 = Release|Any CPU
		{9552D636-D903-4492-944E-0CD392D7BFE3}.Release18|x64.ActiveCfg = Release|Any CPU
		{9552D636-D903-4492-944E-0CD392D7BFE3}.Release18|x64.Build.0 = Release|Any CPU
		{0F1B6828-633E-420D-BB61-00C16056BA8D}.Debug|Any CPU.ActiveCfg = Debug|Any CPU
		{0F1B6828-633E-420D-BB61-00C16056BA8D}.Debug|Any CPU.Build.0 = Debug|Any CPU
		{0F1B6828-633E-420D-BB61-00C16056BA8D}.Debug|x64.ActiveCfg = Debug|Any CPU
		{0F1B6828-633E-420D-BB61-00C16056BA8D}.Debug|x64.Build.0 = Debug|Any CPU
		{0F1B6828-633E-420D-BB61-00C16056BA8D}.Debug16|Any CPU.ActiveCfg = Debug|Any CPU
		{0F1B6828-633E-420D-BB61-00C16056BA8D}.Debug16|Any CPU.Build.0 = Debug|Any CPU
		{0F1B6828-633E-420D-BB61-00C16056BA8D}.Debug16|x64.ActiveCfg = Debug|Any CPU
		{0F1B6828-633E-420D-BB61-00C16056BA8D}.Debug16|x64.Build.0 = Debug|Any CPU
		{0F1B6828-633E-420D-BB61-00C16056BA8D}.Debug17|Any CPU.ActiveCfg = Debug|Any CPU
		{0F1B6828-633E-420D-BB61-00C16056BA8D}.Debug17|Any CPU.Build.0 = Debug|Any CPU
		{0F1B6828-633E-420D-BB61-00C16056BA8D}.Debug17|x64.ActiveCfg = Debug|Any CPU
		{0F1B6828-633E-420D-BB61-00C16056BA8D}.Debug17|x64.Build.0 = Debug|Any CPU
		{0F1B6828-633E-420D-BB61-00C16056BA8D}.Debug18|Any CPU.ActiveCfg = Debug|Any CPU
		{0F1B6828-633E-420D-BB61-00C16056BA8D}.Debug18|Any CPU.Build.0 = Debug|Any CPU
		{0F1B6828-633E-420D-BB61-00C16056BA8D}.Debug18|x64.ActiveCfg = Debug|Any CPU
		{0F1B6828-633E-420D-BB61-00C16056BA8D}.Debug18|x64.Build.0 = Debug|Any CPU
		{0F1B6828-633E-420D-BB61-00C16056BA8D}.Release|Any CPU.ActiveCfg = Release|Any CPU
		{0F1B6828-633E-420D-BB61-00C16056BA8D}.Release|Any CPU.Build.0 = Release|Any CPU
		{0F1B6828-633E-420D-BB61-00C16056BA8D}.Release|x64.ActiveCfg = Release|Any CPU
		{0F1B6828-633E-420D-BB61-00C16056BA8D}.Release|x64.Build.0 = Release|Any CPU
		{0F1B6828-633E-420D-BB61-00C16056BA8D}.Release16|Any CPU.ActiveCfg = Release|Any CPU
		{0F1B6828-633E-420D-BB61-00C16056BA8D}.Release16|Any CPU.Build.0 = Release|Any CPU
		{0F1B6828-633E-420D-BB61-00C16056BA8D}.Release16|x64.ActiveCfg = Release|Any CPU
		{0F1B6828-633E-420D-BB61-00C16056BA8D}.Release16|x64.Build.0 = Release|Any CPU
		{0F1B6828-633E-420D-BB61-00C16056BA8D}.Release17|Any CPU.ActiveCfg = Release|Any CPU
		{0F1B6828-633E-420D-BB61-00C16056BA8D}.Release17|Any CPU.Build.0 = Release|Any CPU
		{0F1B6828-633E-420D-BB61-00C16056BA8D}.Release17|x64.ActiveCfg = Release|Any CPU
		{0F1B6828-633E-420D-BB61-00C16056BA8D}.Release17|x64.Build.0 = Release|Any CPU
		{0F1B6828-633E-420D-BB61-00C16056BA8D}.Release18|Any CPU.ActiveCfg = Release|Any CPU
		{0F1B6828-633E-420D-BB61-00C16056BA8D}.Release18|Any CPU.Build.0 = Release|Any CPU
		{0F1B6828-633E-420D-BB61-00C16056BA8D}.Release18|x64.ActiveCfg = Release|Any CPU
		{0F1B6828-633E-420D-BB61-00C16056BA8D}.Release18|x64.Build.0 = Release|Any CPU
	EndGlobalSection
	GlobalSection(SolutionProperties) = preSolution
		HideSolutionNode = FALSE
	EndGlobalSection
	GlobalSection(ExtensibilityGlobals) = postSolution
		SolutionGuid = {73E9AAB8-A011-426D-B63A-39366277C733}
	EndGlobalSection
EndGlobal
